
Microsoft Visual Studio Solution File, Format Version 12.00
# Visual Studio Version 16
VisualStudioVersion = 16.0.31729.503
MinimumVisualStudioVersion = 10.0.40219.1
Project("{FAE04EC0-301F-11D3-BF4B-00C04F79EFBC}") = "Clients", "Clients\Clients.csproj", "{305FB118-C27B-4750-8A51-4415D2CD310B}"
EndProject
Global
	GlobalSection(SolutionConfigurationPlatforms) = preSolution
		Debug|Any CPU = Debug|Any CPU
		Release|Any CPU = Release|Any CPU
	EndGlobalSection
	GlobalSection(ProjectConfigurationPlatforms) = postSolution
		{305FB118-C27B-4750-8A51-4415D2CD310B}.Debug|Any CPU.ActiveCfg = Debug|Any CPU
		{305FB118-C27B-4750-8A51-4415D2CD310B}.Debug|Any CPU.Build.0 = Debug|Any CPU
		{305FB118-C27B-4750-8A51-4415D2CD310B}.Release|Any CPU.ActiveCfg = Release|Any CPU
		{305FB118-C27B-4750-8A51-4415D2CD310B}.Release|Any CPU.Build.0 = Release|Any CPU
	EndGlobalSection
	GlobalSection(SolutionProperties) = preSolution
		HideSolutionNode = FALSE
	EndGlobalSection
	GlobalSection(ExtensibilityGlobals) = postSolution
		SolutionGuid = {28A8BA74-7ABD-4D29-A22E-0DE1E7CF5687}
	EndGlobalSection
EndGlobal
